hash: c20643c19befbf98f853316292a07119e204b768a918cbd3b0f0527754d55fcb
updated: 2019-06-15T21:37:27.772913+01:00
imports:
- name: github.com/google/btree
  version: 4030bb1f1f0c35b30ca7009e9ebd06849dd45306
testImports:
- name: github.com/gopherjs/gopherjs
  version: 3e4dfb77656c424b6d1196a4d5fed0fcf63677cc
  subpackages:
  - js
- name: github.com/jtolds/gls
  version: b4936e06046bbecbb94cae9c18127ebe510a2cb9
- name: github.com/smartystreets/assertions
  version: d380eccd517d419eb73a0a90cc3ffc405f1e029e
  subpackages:
  - internal/go-diff/diffmatchpatch
  - internal/go-render/render
  - internal/oglematchers
- name: github.com/smartystreets/goconvey
  version: 9e8dc3f972df6c8fcc0375ef492c24d0bb204857
  subpackages:
  - convey
  - convey/gotest
  - convey/reporting
